
Microsoft Visual Studio Solution File, Format Version 12.00
# Visual Studio 15
VisualStudioVersion = 15.0.27703.2026
MinimumVisualStudioVersion = 10.0.40219.1
Project("{888888A0-9F3D-457C-B088-3A5042F75D52}") = "shopifycheckout", "shopifycheckout.pyproj", "{744CF254-B7B9-4F90-ABAC-3FCAF5B635AE}"
EndProject
Global
	GlobalSection(SolutionConfigurationPlatforms) = preSolution
		Debug|Any CPU = Debug|Any CPU
		Release|Any CPU = Release|Any CPU
	EndGlobalSection
	GlobalSection(ProjectConfigurationPlatforms) = postSolution
		{744CF254-B7B9-4F90-ABAC-3FCAF5B635AE}.Debug|Any CPU.ActiveCfg = Debug|Any CPU
		{744CF254-B7B9-4F90-ABAC-3FCAF5B635AE}.Release|Any CPU.ActiveCfg = Release|Any CPU
	EndGlobalSection
	GlobalSection(SolutionProperties) = preSolution
		HideSolutionNode = FALSE
	EndGlobalSection
	GlobalSection(ExtensibilityGlobals) = postSolution
		SolutionGuid = {250387E5-32C8-4B87-AC41-60441ADEBEF7}
	EndGlobalSection
EndGlobal
